
Microsoft Visual Studio Solution File, Format Version 12.00
# Visual Studio Version 16
VisualStudioVersion = 16.0.30309.148
MinimumVisualStudioVersion = 10.0.40219.1
Project("{9A19103F-16F7-4668-BE54-9A1E7A4F7556}") = "Hedron", "Hedron\Hedron.csproj", "{2CBCFFC5-07ED-4146-B393-2BA4CD7C43FE}"
EndProject
Project("{9A19103F-16F7-4668-BE54-9A1E7A4F7556}") = "Data", "Data\Data.csproj", "{B401D4EE-7439-4DDB-9406-ED2F91820CA1}"
EndProject
Project("{FAE04EC0-301F-11D3-BF4B-00C04F79EFBC}") = "Bot", "Bot\Bot.csproj", "{75F19965-17D1-4D13-9376-7C58EA48358B}"
EndProject
Global
	GlobalSection(SolutionConfigurationPlatforms) = preSolution
		Debug|Any CPU = Debug|Any CPU
		Release|Any CPU = Release|Any CPU
	EndGlobalSection
	GlobalSection(ProjectConfigurationPlatforms) = postSolution
		{2CBCFFC5-07ED-4146-B393-2BA4CD7C43FE}.Debug|Any CPU.ActiveCfg = Debug|Any CPU
		{2CBCFFC5-07ED-4146-B393-2BA4CD7C43FE}.Debug|Any CPU.Build.0 = Debug|Any CPU
		{2CBCFFC5-07ED-4146-B393-2BA4CD7C43FE}.Release|Any CPU.ActiveCfg = Release|Any CPU
		{2CBCFFC5-07ED-4146-B393-2BA4CD7C43FE}.Release|Any CPU.Build.0 = Release|Any CPU
		{B401D4EE-7439-4DDB-9406-ED2F91820CA1}.Debug|Any CPU.ActiveCfg = Debug|Any CPU
		{B401D4EE-7439-4DDB-9406-ED2F91820CA1}.Debug|Any CPU.Build.0 = Debug|Any CPU
		{B401D4EE-7439-4DDB-9406-ED2F91820CA1}.Release|Any CPU.ActiveCfg = Release|Any CPU
		{B401D4EE-7439-4DDB-9406-ED2F91820CA1}.Release|Any CPU.Build.0 = Release|Any CPU
		{75F19965-17D1-4D13-9376-7C58EA48358B}.Debug|Any CPU.ActiveCfg = Debug|Any CPU
		{75F19965-17D1-4D13-9376-7C58EA48358B}.Debug|Any CPU.Build.0 = Debug|Any CPU
		{75F19965-17D1-4D13-9376-7C58EA48358B}.Release|Any CPU.ActiveCfg = Release|Any CPU
		{75F19965-17D1-4D13-9376-7C58EA48358B}.Release|Any CPU.Build.0 = Release|Any CPU
	EndGlobalSection
	GlobalSection(SolutionProperties) = preSolution
		HideSolutionNode = FALSE
	EndGlobalSection
	GlobalSection(ExtensibilityGlobals) = postSolution
		SolutionGuid = {739ABEE9-5434-49C1-B590-AB2432FB6D27}
	EndGlobalSection
EndGlobal
