
Microsoft Visual Studio Solution File, Format Version 12.00
# Visual Studio Version 16
VisualStudioVersion = 16.0.30309.148
MinimumVisualStudioVersion = 10.0.40219.1
Project("{9A19103F-16F7-4668-BE54-9A1E7A4F7556}") = "Data", "Data\Data.csproj", "{B401D4EE-7439-4DDB-9406-ED2F91820CA1}"
EndProject
Project("{9A19103F-16F7-4668-BE54-9A1E7A4F7556}") = "Bot", "Bot\Bot.csproj", "{75F19965-17D1-4D13-9376-7C58EA48358B}"
EndProject
Project("{9A19103F-16F7-4668-BE54-9A1E7A4F7556}") = "Server", "Server\Server.csproj", "{11554559-0CF0-44B7-836B-97DAC17D8173}"
EndProject
Project("{9A19103F-16F7-4668-BE54-9A1E7A4F7556}") = "Core", "Core\Core.csproj", "{84096666-FB42-4EF4-85E2-32409FBB5024}"
EndProject
Global
	GlobalSection(SolutionConfigurationPlatforms) = preSolution
		Debug|Any CPU = Debug|Any CPU
		Release|Any CPU = Release|Any CPU
	EndGlobalSection
	GlobalSection(ProjectConfigurationPlatforms) = postSolution
		{B401D4EE-7439-4DDB-9406-ED2F91820CA1}.Debug|Any CPU.ActiveCfg = Debug|Any CPU
		{B401D4EE-7439-4DDB-9406-ED2F91820CA1}.Debug|Any CPU.Build.0 = Debug|Any CPU
		{B401D4EE-7439-4DDB-9406-ED2F91820CA1}.Release|Any CPU.ActiveCfg = Release|Any CPU
		{B401D4EE-7439-4DDB-9406-ED2F91820CA1}.Release|Any CPU.Build.0 = Release|Any CPU
		{75F19965-17D1-4D13-9376-7C58EA48358B}.Debug|Any CPU.ActiveCfg = Debug|Any CPU
		{75F19965-17D1-4D13-9376-7C58EA48358B}.Debug|Any CPU.Build.0 = Debug|Any CPU
		{75F19965-17D1-4D13-9376-7C58EA48358B}.Release|Any CPU.ActiveCfg = Release|Any CPU
		{75F19965-17D1-4D13-9376-7C58EA48358B}.Release|Any CPU.Build.0 = Release|Any CPU
		{11554559-0CF0-44B7-836B-97DAC17D8173}.Debug|Any CPU.ActiveCfg = Debug|Any CPU
		{11554559-0CF0-44B7-836B-97DAC17D8173}.Debug|Any CPU.Build.0 = Debug|Any CPU
		{11554559-0CF0-44B7-836B-97DAC17D8173}.Release|Any CPU.ActiveCfg = Release|Any CPU
		{11554559-0CF0-44B7-836B-97DAC17D8173}.Release|Any CPU.Build.0 = Release|Any CPU
		{84096666-FB42-4EF4-85E2-32409FBB5024}.Debug|Any CPU.ActiveCfg = Debug|Any CPU
		{84096666-FB42-4EF4-85E2-32409FBB5024}.Debug|Any CPU.Build.0 = Debug|Any CPU
		{84096666-FB42-4EF4-85E2-32409FBB5024}.Release|Any CPU.ActiveCfg = Release|Any CPU
		{84096666-FB42-4EF4-85E2-32409FBB5024}.Release|Any CPU.Build.0 = Release|Any CPU
	EndGlobalSection
	GlobalSection(SolutionProperties) = preSolution
		HideSolutionNode = FALSE
	EndGlobalSection
	GlobalSection(ExtensibilityGlobals) = postSolution
		SolutionGuid = {739ABEE9-5434-49C1-B590-AB2432FB6D27}
	EndGlobalSection
EndGlobal
