
Microsoft Visual Studio Solution File, Format Version 12.00
# Visual Studio Version 17
VisualStudioVersion = 17.14.36705.20
MinimumVisualStudioVersion = 10.0.40219.1
Project("{9A19103F-16F7-4668-BE54-9A1E7A4F7556}") = "Server", "Server\Server.csproj", "{11554559-0CF0-44B7-836B-97DAC17D8173}"
EndProject
Project("{9A19103F-16F7-4668-BE54-9A1E7A4F7556}") = "Core", "Core\Core.csproj", "{84096666-FB42-4EF4-85E2-32409FBB5024}"
EndProject
Project("{2150E333-8FDC-42A3-9474-1A3956D46DE8}") = "Solution Items", "Solution Items", "{8EC462FD-D22E-90A8-E5CE-7E832BA40C5D}"
	ProjectSection(SolutionItems) = preProject
		CLAUDE.md = CLAUDE.md
		README.md = README.md
	EndProjectSection
EndProject
Project("{FAE04EC0-301F-11D3-BF4B-00C04F79EFBC}") = "Hedron.Tests", "Hedron.Tests\Hedron.Tests.csproj", "{B3874A75-4A35-4941-BB33-F06A23977809}"
EndProject
Project("{FAE04EC0-301F-11D3-BF4B-00C04F79EFBC}") = "Hedron.Web", "Hedron.Web\Hedron.Web.csproj", "{D5A443D9-4B8D-4570-8177-AAF0955C3814}"
EndProject
Global
	GlobalSection(SolutionConfigurationPlatforms) = preSolution
		Debug|Any CPU = Debug|Any CPU
		Debug|x64 = Debug|x64
		Debug|x86 = Debug|x86
		Release|Any CPU = Release|Any CPU
		Release|x64 = Release|x64
		Release|x86 = Release|x86
	EndGlobalSection
	GlobalSection(ProjectConfigurationPlatforms) = postSolution
		{11554559-0CF0-44B7-836B-97DAC17D8173}.Debug|Any CPU.ActiveCfg = Debug|Any CPU
		{11554559-0CF0-44B7-836B-97DAC17D8173}.Debug|Any CPU.Build.0 = Debug|Any CPU
		{11554559-0CF0-44B7-836B-97DAC17D8173}.Debug|x64.ActiveCfg = Debug|Any CPU
		{11554559-0CF0-44B7-836B-97DAC17D8173}.Debug|x64.Build.0 = Debug|Any CPU
		{11554559-0CF0-44B7-836B-97DAC17D8173}.Debug|x86.ActiveCfg = Debug|Any CPU
		{11554559-0CF0-44B7-836B-97DAC17D8173}.Debug|x86.Build.0 = Debug|Any CPU
		{11554559-0CF0-44B7-836B-97DAC17D8173}.Release|Any CPU.ActiveCfg = Release|Any CPU
		{11554559-0CF0-44B7-836B-97DAC17D8173}.Release|Any CPU.Build.0 = Release|Any CPU
		{11554559-0CF0-44B7-836B-97DAC17D8173}.Release|x64.ActiveCfg = Release|Any CPU
		{11554559-0CF0-44B7-836B-97DAC17D8173}.Release|x64.Build.0 = Release|Any CPU
		{11554559-0CF0-44B7-836B-97DAC17D8173}.Release|x86.ActiveCfg = Release|Any CPU
		{11554559-0CF0-44B7-836B-97DAC17D8173}.Release|x86.Build.0 = Release|Any CPU
		{84096666-FB42-4EF4-85E2-32409FBB5024}.Debug|Any CPU.ActiveCfg = Debug|Any CPU
		{84096666-FB42-4EF4-85E2-32409FBB5024}.Debug|Any CPU.Build.0 = Debug|Any CPU
		{84096666-FB42-4EF4-85E2-32409FBB5024}.Debug|x64.ActiveCfg = Debug|Any CPU
		{84096666-FB42-4EF4-85E2-32409FBB5024}.Debug|x64.Build.0 = Debug|Any CPU
		{84096666-FB42-4EF4-85E2-32409FBB5024}.Debug|x86.ActiveCfg = Debug|Any CPU
		{84096666-FB42-4EF4-85E2-32409FBB5024}.Debug|x86.Build.0 = Debug|Any CPU
		{84096666-FB42-4EF4-85E2-32409FBB5024}.Release|Any CPU.ActiveCfg = Release|Any CPU
		{84096666-FB42-4EF4-85E2-32409FBB5024}.Release|Any CPU.Build.0 = Release|Any CPU
		{84096666-FB42-4EF4-85E2-32409FBB5024}.Release|x64.ActiveCfg = Release|Any CPU
		{84096666-FB42-4EF4-85E2-32409FBB5024}.Release|x64.Build.0 = Release|Any CPU
		{84096666-FB42-4EF4-85E2-32409FBB5024}.Release|x86.ActiveCfg = Release|Any CPU
		{84096666-FB42-4EF4-85E2-32409FBB5024}.Release|x86.Build.0 = Release|Any CPU
		{B3874A75-4A35-4941-BB33-F06A23977809}.Debug|Any CPU.ActiveCfg = Debug|Any CPU
		{B3874A75-4A35-4941-BB33-F06A23977809}.Debug|Any CPU.Build.0 = Debug|Any CPU
		{B3874A75-4A35-4941-BB33-F06A23977809}.Debug|x64.ActiveCfg = Debug|Any CPU
		{B3874A75-4A35-4941-BB33-F06A23977809}.Debug|x64.Build.0 = Debug|Any CPU
		{B3874A75-4A35-4941-BB33-F06A23977809}.Debug|x86.ActiveCfg = Debug|Any CPU
		{B3874A75-4A35-4941-BB33-F06A23977809}.Debug|x86.Build.0 = Debug|Any CPU
		{B3874A75-4A35-4941-BB33-F06A23977809}.Release|Any CPU.ActiveCfg = Release|Any CPU
		{B3874A75-4A35-4941-BB33-F06A23977809}.Release|Any CPU.Build.0 = Release|Any CPU
		{B3874A75-4A35-4941-BB33-F06A23977809}.Release|x64.ActiveCfg = Release|Any CPU
		{B3874A75-4A35-4941-BB33-F06A23977809}.Release|x64.Build.0 = Release|Any CPU
		{B3874A75-4A35-4941-BB33-F06A23977809}.Release|x86.ActiveCfg = Release|Any CPU
		{B3874A75-4A35-4941-BB33-F06A23977809}.Release|x86.Build.0 = Release|Any CPU
		{D5A443D9-4B8D-4570-8177-AAF0955C3814}.Debug|Any CPU.ActiveCfg = Debug|Any CPU
		{D5A443D9-4B8D-4570-8177-AAF0955C3814}.Debug|Any CPU.Build.0 = Debug|Any CPU
		{D5A443D9-4B8D-4570-8177-AAF0955C3814}.Debug|x64.ActiveCfg = Debug|Any CPU
		{D5A443D9-4B8D-4570-8177-AAF0955C3814}.Debug|x64.Build.0 = Debug|Any CPU
		{D5A443D9-4B8D-4570-8177-AAF0955C3814}.Debug|x86.ActiveCfg = Debug|Any CPU
		{D5A443D9-4B8D-4570-8177-AAF0955C3814}.Debug|x86.Build.0 = Debug|Any CPU
		{D5A443D9-4B8D-4570-8177-AAF0955C3814}.Release|Any CPU.ActiveCfg = Release|Any CPU
		{D5A443D9-4B8D-4570-8177-AAF0955C3814}.Release|Any CPU.Build.0 = Release|Any CPU
		{D5A443D9-4B8D-4570-8177-AAF0955C3814}.Release|x64.ActiveCfg = Release|Any CPU
		{D5A443D9-4B8D-4570-8177-AAF0955C3814}.Release|x64.Build.0 = Release|Any CPU
		{D5A443D9-4B8D-4570-8177-AAF0955C3814}.Release|x86.ActiveCfg = Release|Any CPU
		{D5A443D9-4B8D-4570-8177-AAF0955C3814}.Release|x86.Build.0 = Release|Any CPU
	EndGlobalSection
	GlobalSection(SolutionProperties) = preSolution
		HideSolutionNode = FALSE
	EndGlobalSection
	GlobalSection(ExtensibilityGlobals) = postSolution
		SolutionGuid = {739ABEE9-5434-49C1-B590-AB2432FB6D27}
	EndGlobalSection
EndGlobal
